// !$*UTF8*$!
{
	archiveVersion = 1;
	classes = {
	};
	objectVersion = 56;
	objects = {

/* Begin PBXBuildFile section */
		1F888AD02D19B1E100C6E325 /* TMDB_TestProjectApp.swift in Sources */ = {isa = PBXBuildFile; fileRef = 1F888ACF2D19B1E100C6E325 /* TMDB_TestProjectApp.swift */; };
		1F888AD42D19B1E300C6E325 /* Assets.xcassets in Resources */ = {isa = PBXBuildFile; fileRef = 1F888AD32D19B1E300C6E325 /* Assets.xcassets */; };
		1F888AD72D19B1E300C6E325 /* Preview Assets.xcassets in Resources */ = {isa = PBXBuildFile; fileRef = 1F888AD62D19B1E300C6E325 /* Preview Assets.xcassets */; };
		1F888AE12D19B1E300C6E325 /* TMDB_TestProjectTests.swift in Sources */ = {isa = PBXBuildFile; fileRef = 1F888AE02D19B1E300C6E325 /* TMDB_TestProjectTests.swift */; };
		1F888AEB2D19B1E300C6E325 /* TMDB_TestProjectUITests.swift in Sources */ = {isa = PBXBuildFile; fileRef = 1F888AEA2D19B1E300C6E325 /* TMDB_TestProjectUITests.swift */; };
		1F888AED2D19B1E300C6E325 /* TMDB_TestProjectUITestsLaunchTests.swift in Sources */ = {isa = PBXBuildFile; fileRef = 1F888AEC2D19B1E300C6E325 /* TMDB_TestProjectUITestsLaunchTests.swift */; };
		1F888AFD2D19B23000C6E325 /* PeopleData.swift in Sources */ = {isa = PBXBuildFile; fileRef = 1F888AFA2D19B23000C6E325 /* PeopleData.swift */; };
		1F888AFE2D19B23000C6E325 /* PeopleDetails.swift in Sources */ = {isa = PBXBuildFile; fileRef = 1F888AFB2D19B23000C6E325 /* PeopleDetails.swift */; };
		1F888AFF2D19B23000C6E325 /* ProfileImage.swift in Sources */ = {isa = PBXBuildFile; fileRef = 1F888AFC2D19B23000C6E325 /* ProfileImage.swift */; };
		1F888B032D19B24700C6E325 /* PeopleListResponse.swift in Sources */ = {isa = PBXBuildFile; fileRef = 1F888B012D19B24700C6E325 /* PeopleListResponse.swift */; };
		1F888B042D19B24700C6E325 /* PeopleImagesResponse.swift in Sources */ = {isa = PBXBuildFile; fileRef = 1F888B022D19B24700C6E325 /* PeopleImagesResponse.swift */; };
		1F888B072D19B31600C6E325 /* NetworkManager.swift in Sources */ = {isa = PBXBuildFile; fileRef = 1F888B062D19B31600C6E325 /* NetworkManager.swift */; };
		1F888B0A2D19B3DC00C6E325 /* PeopleListView.swift in Sources */ = {isa = PBXBuildFile; fileRef = 1F888B092D19B3DC00C6E325 /* PeopleListView.swift */; };
		1F888B0F2D19B46F00C6E325 /* SearchBar.swift in Sources */ = {isa = PBXBuildFile; fileRef = 1F888B0E2D19B46F00C6E325 /* SearchBar.swift */; };
		1F888B112D19B50100C6E325 /* PeopleListCell.swift in Sources */ = {isa = PBXBuildFile; fileRef = 1F888B102D19B50100C6E325 /* PeopleListCell.swift */; };
		1F888B142D19B66600C6E325 /* PeopleListViewModel.swift in Sources */ = {isa = PBXBuildFile; fileRef = 1F888B132D19B66600C6E325 /* PeopleListViewModel.swift */; };
		1F888B162D19B8B500C6E325 /* APIConfig.swift in Sources */ = {isa = PBXBuildFile; fileRef = 1F888B152D19B8B500C6E325 /* APIConfig.swift */; };
		1F888B182D19D5E500C6E325 /* PeopleDetailViewModel.swift in Sources */ = {isa = PBXBuildFile; fileRef = 1F888B172D19D5E500C6E325 /* PeopleDetailViewModel.swift */; };
		1F888B1A2D19D5FA00C6E325 /* PeopleDetailsView.swift in Sources */ = {isa = PBXBuildFile; fileRef = 1F888B192D19D5FA00C6E325 /* PeopleDetailsView.swift */; };
		1F888B1C2D1A559E00C6E325 /* FullScreenImageView.swift in Sources */ = {isa = PBXBuildFile; fileRef = 1F888B1B2D1A559E00C6E325 /* FullScreenImageView.swift */; };
		1F888B1E2D1A5E8F00C6E325 /* ShareSheet.swift in Sources */ = {isa = PBXBuildFile; fileRef = 1F888B1D2D1A5E8F00C6E325 /* ShareSheet.swift */; };
		1F888B202D1A638D00C6E325 /* ExpandableText.swift in Sources */ = {isa = PBXBuildFile; fileRef = 1F888B1F2D1A638D00C6E325 /* ExpandableText.swift */; };
		1F888B232D1A668100C6E325 /* CustomHeaderView.swift in Sources */ = {isa = PBXBuildFile; fileRef = 1F888B222D1A668100C6E325 /* CustomHeaderView.swift */; };
		1F888B262D1A755C00C6E325 /* SettingsView.swift in Sources */ = {isa = PBXBuildFile; fileRef = 1F888B252D1A755C00C6E325 /* SettingsView.swift */; };
		1F888B352D1A862800C6E325 /* Color+Extension.swift in Sources */ = {isa = PBXBuildFile; fileRef = 1F888B342D1A862800C6E325 /* Color+Extension.swift */; };
		1F888B392D1A94AA00C6E325 /* CustomImageView.swift in Sources */ = {isa = PBXBuildFile; fileRef = 1F888B382D1A94AA00C6E325 /* CustomImageView.swift */; };
		1F888B3B2D1A995100C6E325 /* ImageDownLoader.swift in Sources */ = {isa = PBXBuildFile; fileRef = 1F888B3A2D1A995100C6E325 /* ImageDownLoader.swift */; };
/* End PBXBuildFile section */

/* Begin PBXContainerItemProxy section */
		1F888ADD2D19B1E300C6E325 /* PBXContainerItemProxy */ = {
			isa = PBXContainerItemProxy;
			containerPortal = 1F888AC42D19B1E100C6E325 /* Project object */;
			proxyType = 1;
			remoteGlobalIDString = 1F888ACB2D19B1E100C6E325;
			remoteInfo = TMDB_TestProject;
		};
		1F888AE72D19B1E300C6E325 /* PBXContainerItemProxy */ = {
			isa = PBXContainerItemProxy;
			containerPortal = 1F888AC42D19B1E100C6E325 /* Project object */;
			proxyType = 1;
			remoteGlobalIDString = 1F888ACB2D19B1E100C6E325;
			remoteInfo = TMDB_TestProject;
		};
/* End PBXContainerItemProxy section */

/* Begin PBXFileReference section */
		1F888ACC2D19B1E100C6E325 /* TMDB_TestProject.app */ = {isa = PBXFileReference; explicitFileType = wrapper.application; includeInIndex = 0; path = TMDB_TestProject.app; sourceTree = BUILT_PRODUCTS_DIR; };
		1F888ACF2D19B1E100C6E325 /* TMDB_TestProjectApp.swift */ = {isa = PBXFileReference; lastKnownFileType = sourcecode.swift; path = TMDB_TestProjectApp.swift; sourceTree = "<group>"; };
		1F888AD32D19B1E300C6E325 /* Assets.xcassets */ = {isa = PBXFileReference; lastKnownFileType = folder.assetcatalog; path = Assets.xcassets; sourceTree = "<group>"; };
		1F888AD62D19B1E300C6E325 /* Preview Assets.xcassets */ = {isa = PBXFileReference; lastKnownFileType = folder.assetcatalog; path = "Preview Assets.xcassets"; sourceTree = "<group>"; };
		1F888ADC2D19B1E300C6E325 /* TMDB_TestProjectTests.xctest */ = {isa = PBXFileReference; explicitFileType = wrapper.cfbundle; includeInIndex = 0; path = TMDB_TestProjectTests.xctest; sourceTree = BUILT_PRODUCTS_DIR; };
		1F888AE02D19B1E300C6E325 /* TMDB_TestProjectTests.swift */ = {isa = PBXFileReference; lastKnownFileType = sourcecode.swift; path = TMDB_TestProjectTests.swift; sourceTree = "<group>"; };
		1F888AE62D19B1E300C6E325 /* TMDB_TestProjectUITests.xctest */ = {isa = PBXFileReference; explicitFileType = wrapper.cfbundle; includeInIndex = 0; path = TMDB_TestProjectUITests.xctest; sourceTree = BUILT_PRODUCTS_DIR; };
		1F888AEA2D19B1E300C6E325 /* TMDB_TestProjectUITests.swift */ = {isa = PBXFileReference; lastKnownFileType = sourcecode.swift; path = TMDB_TestProjectUITests.swift; sourceTree = "<group>"; };
		1F888AEC2D19B1E300C6E325 /* TMDB_TestProjectUITestsLaunchTests.swift */ = {isa = PBXFileReference; lastKnownFileType = sourcecode.swift; path = TMDB_TestProjectUITestsLaunchTests.swift; sourceTree = "<group>"; };
		1F888AFA2D19B23000C6E325 /* PeopleData.swift */ = {isa = PBXFileReference; fileEncoding = 4; lastKnownFileType = sourcecode.swift; path = PeopleData.swift; sourceTree = "<group>"; };
		1F888AFB2D19B23000C6E325 /* PeopleDetails.swift */ = {isa = PBXFileReference; fileEncoding = 4; lastKnownFileType = sourcecode.swift; path = PeopleDetails.swift; sourceTree = "<group>"; };
		1F888AFC2D19B23000C6E325 /* ProfileImage.swift */ = {isa = PBXFileReference; fileEncoding = 4; lastKnownFileType = sourcecode.swift; path = ProfileImage.swift; sourceTree = "<group>"; };
		1F888B012D19B24700C6E325 /* PeopleListResponse.swift */ = {isa = PBXFileReference; fileEncoding = 4; lastKnownFileType = sourcecode.swift; path = PeopleListResponse.swift; sourceTree = "<group>"; };
		1F888B022D19B24700C6E325 /* PeopleImagesResponse.swift */ = {isa = PBXFileReference; fileEncoding = 4; lastKnownFileType = sourcecode.swift; path = PeopleImagesResponse.swift; sourceTree = "<group>"; };
		1F888B062D19B31600C6E325 /* NetworkManager.swift */ = {isa = PBXFileReference; lastKnownFileType = sourcecode.swift; path = NetworkManager.swift; sourceTree = "<group>"; };
		1F888B092D19B3DC00C6E325 /* PeopleListView.swift */ = {isa = PBXFileReference; lastKnownFileType = sourcecode.swift; path = PeopleListView.swift; sourceTree = "<group>"; };
		1F888B0E2D19B46F00C6E325 /* SearchBar.swift */ = {isa = PBXFileReference; lastKnownFileType = sourcecode.swift; path = SearchBar.swift; sourceTree = "<group>"; };
		1F888B102D19B50100C6E325 /* PeopleListCell.swift */ = {isa = PBXFileReference; lastKnownFileType = sourcecode.swift; path = PeopleListCell.swift; sourceTree = "<group>"; };
		1F888B132D19B66600C6E325 /* PeopleListViewModel.swift */ = {isa = PBXFileReference; lastKnownFileType = sourcecode.swift; path = PeopleListViewModel.swift; sourceTree = "<group>"; };
		1F888B152D19B8B500C6E325 /* APIConfig.swift */ = {isa = PBXFileReference; lastKnownFileType = sourcecode.swift; path = APIConfig.swift; sourceTree = "<group>"; };
		1F888B172D19D5E500C6E325 /* PeopleDetailViewModel.swift */ = {isa = PBXFileReference; lastKnownFileType = sourcecode.swift; path = PeopleDetailViewModel.swift; sourceTree = "<group>"; };
		1F888B192D19D5FA00C6E325 /* PeopleDetailsView.swift */ = {isa = PBXFileReference; lastKnownFileType = sourcecode.swift; path = PeopleDetailsView.swift; sourceTree = "<group>"; };
		1F888B1B2D1A559E00C6E325 /* FullScreenImageView.swift */ = {isa = PBXFileReference; lastKnownFileType = sourcecode.swift; path = FullScreenImageView.swift; sourceTree = "<group>"; };
		1F888B1D2D1A5E8F00C6E325 /* ShareSheet.swift */ = {isa = PBXFileReference; lastKnownFileType = sourcecode.swift; path = ShareSheet.swift; sourceTree = "<group>"; };
		1F888B1F2D1A638D00C6E325 /* ExpandableText.swift */ = {isa = PBXFileReference; lastKnownFileType = sourcecode.swift; name = ExpandableText.swift; path = TMDB_TestProject/Components/ExpandableText.swift; sourceTree = SOURCE_ROOT; };
		1F888B222D1A668100C6E325 /* CustomHeaderView.swift */ = {isa = PBXFileReference; lastKnownFileType = sourcecode.swift; path = CustomHeaderView.swift; sourceTree = "<group>"; };
		1F888B252D1A755C00C6E325 /* SettingsView.swift */ = {isa = PBXFileReference; lastKnownFileType = sourcecode.swift; path = SettingsView.swift; sourceTree = "<group>"; };
		1F888B342D1A862800C6E325 /* Color+Extension.swift */ = {isa = PBXFileReference; lastKnownFileType = sourcecode.swift; path = "Color+Extension.swift"; sourceTree = "<group>"; };
		1F888B382D1A94AA00C6E325 /* CustomImageView.swift */ = {isa = PBXFileReference; lastKnownFileType = sourcecode.swift; path = CustomImageView.swift; sourceTree = "<group>"; };
		1F888B3A2D1A995100C6E325 /* ImageDownLoader.swift */ = {isa = PBXFileReference; lastKnownFileType = sourcecode.swift; path = ImageDownLoader.swift; sourceTree = "<group>"; };
/* End PBXFileReference section */

/* Begin PBXFrameworksBuildPhase section */
		1F888AC92D19B1E100C6E325 /* Frameworks */ = {
			isa = PBXFrameworksBuildPhase;
			buildActionMask = 2147483647;
			files = (
			);
			runOnlyForDeploymentPostprocessing = 0;
		};
		1F888AD92D19B1E300C6E325 /* Frameworks */ = {
			isa = PBXFrameworksBuildPhase;
			buildActionMask = 2147483647;
			files = (
			);
			runOnlyForDeploymentPostprocessing = 0;
		};
		1F888AE32D19B1E300C6E325 /* Frameworks */ = {
			isa = PBXFrameworksBuildPhase;
			buildActionMask = 2147483647;
			files = (
			);
			runOnlyForDeploymentPostprocessing = 0;
		};
/* End PBXFrameworksBuildPhase section */

/* Begin PBXGroup section */
		1F888AC32D19B1E100C6E325 = {
			isa = PBXGroup;
			children = (
				1F888ACE2D19B1E100C6E325 /* TMDB_TestProject */,
				1F888ADF2D19B1E300C6E325 /* TMDB_TestProjectTests */,
				1F888AE92D19B1E300C6E325 /* TMDB_TestProjectUITests */,
				1F888ACD2D19B1E100C6E325 /* Products */,
			);
			sourceTree = "<group>";
		};
		1F888ACD2D19B1E100C6E325 /* Products */ = {
			isa = PBXGroup;
			children = (
				1F888ACC2D19B1E100C6E325 /* TMDB_TestProject.app */,
				1F888ADC2D19B1E300C6E325 /* TMDB_TestProjectTests.xctest */,
				1F888AE62D19B1E300C6E325 /* TMDB_TestProjectUITests.xctest */,
			);
			name = Products;
			sourceTree = "<group>";
		};
		1F888ACE2D19B1E100C6E325 /* TMDB_TestProject */ = {
			isa = PBXGroup;
			children = (
				1F888ACF2D19B1E100C6E325 /* TMDB_TestProjectApp.swift */,
				1F888B332D1A85AE00C6E325 /* Components */,
				1F888B322D1A85A400C6E325 /* Extensions */,
				1F888B272D1A84CF00C6E325 /* PeopleList */,
				1F888B2D2D1A853500C6E325 /* PeopleDetail */,
				1F888B052D19B2BA00C6E325 /* NetworkLayer */,
				1F888AD32D19B1E300C6E325 /* Assets.xcassets */,
				1F888AD52D19B1E300C6E325 /* Preview Content */,
			);
			path = TMDB_TestProject;
			sourceTree = "<group>";
		};
		1F888AD52D19B1E300C6E325 /* Preview Content */ = {
			isa = PBXGroup;
			children = (
				1F888AD62D19B1E300C6E325 /* Preview Assets.xcassets */,
			);
			path = "Preview Content";
			sourceTree = "<group>";
		};
		1F888ADF2D19B1E300C6E325 /* TMDB_TestProjectTests */ = {
			isa = PBXGroup;
			children = (
				1F888AE02D19B1E300C6E325 /* TMDB_TestProjectTests.swift */,
			);
			path = TMDB_TestProjectTests;
			sourceTree = "<group>";
		};
		1F888AE92D19B1E300C6E325 /* TMDB_TestProjectUITests */ = {
			isa = PBXGroup;
			children = (
				1F888AEA2D19B1E300C6E325 /* TMDB_TestProjectUITests.swift */,
				1F888AEC2D19B1E300C6E325 /* TMDB_TestProjectUITestsLaunchTests.swift */,
			);
			path = TMDB_TestProjectUITests;
			sourceTree = "<group>";
		};
		1F888B052D19B2BA00C6E325 /* NetworkLayer */ = {
			isa = PBXGroup;
			children = (
				1F888B062D19B31600C6E325 /* NetworkManager.swift */,
				1F888B152D19B8B500C6E325 /* APIConfig.swift */,
			);
			path = NetworkLayer;
			sourceTree = "<group>";
		};
		1F888B272D1A84CF00C6E325 /* PeopleList */ = {
			isa = PBXGroup;
			children = (
				1F888B292D1A84DF00C6E325 /* Models */,
				1F888B2A2D1A84E400C6E325 /* ViewModel */,
				1F888B282D1A84DA00C6E325 /* View */,
			);
			path = PeopleList;
			sourceTree = "<group>";
		};
		1F888B282D1A84DA00C6E325 /* View */ = {
			isa = PBXGroup;
			children = (
				1F888B362D1A866800C6E325 /* SubView */,
				1F888B092D19B3DC00C6E325 /* PeopleListView.swift */,
			);
			path = View;
			sourceTree = "<group>";
		};
		1F888B292D1A84DF00C6E325 /* Models */ = {
			isa = PBXGroup;
			children = (
				1F888B2B2D1A850600C6E325 /* ResponseModel */,
				1F888AFA2D19B23000C6E325 /* PeopleData.swift */,
			);
			path = Models;
			sourceTree = "<group>";
		};
		1F888B2A2D1A84E400C6E325 /* ViewModel */ = {
			isa = PBXGroup;
			children = (
				1F888B132D19B66600C6E325 /* PeopleListViewModel.swift */,
			);
			path = ViewModel;
			sourceTree = "<group>";
		};
		1F888B2B2D1A850600C6E325 /* ResponseModel */ = {
			isa = PBXGroup;
			children = (
				1F888B012D19B24700C6E325 /* PeopleListResponse.swift */,
			);
			path = ResponseModel;
			sourceTree = "<group>";
		};
		1F888B2D2D1A853500C6E325 /* PeopleDetail */ = {
			isa = PBXGroup;
			children = (
				1F888B302D1A856400C6E325 /* Model */,
				1F888B2F2D1A855B00C6E325 /* ViewModel */,
				1F888B2E2D1A854C00C6E325 /* View */,
			);
			path = PeopleDetail;
			sourceTree = "<group>";
		};
		1F888B2E2D1A854C00C6E325 /* View */ = {
			isa = PBXGroup;
			children = (
				1F888B372D1A868D00C6E325 /* SubView */,
				1F888B192D19D5FA00C6E325 /* PeopleDetailsView.swift */,
			);
			path = View;
			sourceTree = "<group>";
		};
		1F888B2F2D1A855B00C6E325 /* ViewModel */ = {
			isa = PBXGroup;
			children = (
				1F888B172D19D5E500C6E325 /* PeopleDetailViewModel.swift */,
			);
			path = ViewModel;
			sourceTree = "<group>";
		};
		1F888B302D1A856400C6E325 /* Model */ = {
			isa = PBXGroup;
			children = (
				1F888B312D1A857700C6E325 /* ResponseModel */,
				1F888AFB2D19B23000C6E325 /* PeopleDetails.swift */,
				1F888AFC2D19B23000C6E325 /* ProfileImage.swift */,
			);
			path = Model;
			sourceTree = "<group>";
		};
		1F888B312D1A857700C6E325 /* ResponseModel */ = {
			isa = PBXGroup;
			children = (
				1F888B022D19B24700C6E325 /* PeopleImagesResponse.swift */,
			);
			path = ResponseModel;
			sourceTree = "<group>";
		};
		1F888B322D1A85A400C6E325 /* Extensions */ = {
			isa = PBXGroup;
			children = (
				1F888B342D1A862800C6E325 /* Color+Extension.swift */,
			);
			path = Extensions;
			sourceTree = "<group>";
		};
		1F888B332D1A85AE00C6E325 /* Components */ = {
			isa = PBXGroup;
			children = (
				1F888B3A2D1A995100C6E325 /* ImageDownLoader.swift */,
				1F888B1F2D1A638D00C6E325 /* ExpandableText.swift */,
				1F888B382D1A94AA00C6E325 /* CustomImageView.swift */,
				1F888B222D1A668100C6E325 /* CustomHeaderView.swift */,
			);
			path = Components;
			sourceTree = "<group>";
		};
		1F888B362D1A866800C6E325 /* SubView */ = {
			isa = PBXGroup;
			children = (
				1F888B0E2D19B46F00C6E325 /* SearchBar.swift */,
				1F888B102D19B50100C6E325 /* PeopleListCell.swift */,
				1F888B252D1A755C00C6E325 /* SettingsView.swift */,
			);
			path = SubView;
			sourceTree = "<group>";
		};
		1F888B372D1A868D00C6E325 /* SubView */ = {
			isa = PBXGroup;
			children = (
				1F888B1D2D1A5E8F00C6E325 /* ShareSheet.swift */,
				1F888B1B2D1A559E00C6E325 /* FullScreenImageView.swift */,
			);
			path = SubView;
			sourceTree = "<group>";
		};
/* End PBXGroup section */

/* Begin PBXNativeTarget section */
		1F888ACB2D19B1E100C6E325 /* TMDB_TestProject */ = {
			isa = PBXNativeTarget;
			buildConfigurationList = 1F888AF02D19B1E300C6E325 /* Build configuration list for PBXNativeTarget "TMDB_TestProject" */;
			buildPhases = (
				1F888AC82D19B1E100C6E325 /* Sources */,
				1F888AC92D19B1E100C6E325 /* Frameworks */,
				1F888ACA2D19B1E100C6E325 /* Resources */,
			);
			buildRules = (
			);
			dependencies = (
			);
			name = TMDB_TestProject;
			productName = TMDB_TestProject;
			productReference = 1F888ACC2D19B1E100C6E325 /* TMDB_TestProject.app */;
			productType = "com.apple.product-type.application";
		};
		1F888ADB2D19B1E300C6E325 /* TMDB_TestProjectTests */ = {
			isa = PBXNativeTarget;
			buildConfigurationList = 1F888AF32D19B1E300C6E325 /* Build configuration list for PBXNativeTarget "TMDB_TestProjectTests" */;
			buildPhases = (
				1F888AD82D19B1E300C6E325 /* Sources */,
				1F888AD92D19B1E300C6E325 /* Frameworks */,
				1F888ADA2D19B1E300C6E325 /* Resources */,
			);
			buildRules = (
			);
			dependencies = (
				1F888ADE2D19B1E300C6E325 /* PBXTargetDependency */,
			);
			name = TMDB_TestProjectTests;
			productName = TMDB_TestProjectTests;
			productReference = 1F888ADC2D19B1E300C6E325 /* TMDB_TestProjectTests.xctest */;
			productType = "com.apple.product-type.bundle.unit-test";
		};
		1F888AE52D19B1E300C6E325 /* TMDB_TestProjectUITests */ = {
			isa = PBXNativeTarget;
			buildConfigurationList = 1F888AF62D19B1E300C6E325 /* Build configuration list for PBXNativeTarget "TMDB_TestProjectUITests" */;
			buildPhases = (
				1F888AE22D19B1E300C6E325 /* Sources */,
				1F888AE32D19B1E300C6E325 /* Frameworks */,
				1F888AE42D19B1E300C6E325 /* Resources */,
			);
			buildRules = (
			);
			dependencies = (
				1F888AE82D19B1E300C6E325 /* PBXTargetDependency */,
			);
			name = TMDB_TestProjectUITests;
			productName = TMDB_TestProjectUITests;
			productReference = 1F888AE62D19B1E300C6E325 /* TMDB_TestProjectUITests.xctest */;
			productType = "com.apple.product-type.bundle.ui-testing";
		};
/* End PBXNativeTarget section */

/* Begin PBXProject section */
		1F888AC42D19B1E100C6E325 /* Project object */ = {
			isa = PBXProject;
			attributes = {
				BuildIndependentTargetsInParallel = 1;
				LastSwiftUpdateCheck = 1540;
				LastUpgradeCheck = 1540;
				TargetAttributes = {
					1F888ACB2D19B1E100C6E325 = {
						CreatedOnToolsVersion = 15.4;
					};
					1F888ADB2D19B1E300C6E325 = {
						CreatedOnToolsVersion = 15.4;
						TestTargetID = 1F888ACB2D19B1E100C6E325;
					};
					1F888AE52D19B1E300C6E325 = {
						CreatedOnToolsVersion = 15.4;
						TestTargetID = 1F888ACB2D19B1E100C6E325;
					};
				};
			};
			buildConfigurationList = 1F888AC72D19B1E100C6E325 /* Build configuration list for PBXProject "TMDB_TestProject" */;
			compatibilityVersion = "Xcode 14.0";
			developmentRegion = en;
			hasScannedForEncodings = 0;
			knownRegions = (
				en,
				Base,
			);
			mainGroup = 1F888AC32D19B1E100C6E325;
			productRefGroup = 1F888ACD2D19B1E100C6E325 /* Products */;
			projectDirPath = "";
			projectRoot = "";
			targets = (
				1F888ACB2D19B1E100C6E325 /* TMDB_TestProject */,
				1F888ADB2D19B1E300C6E325 /* TMDB_TestProjectTests */,
				1F888AE52D19B1E300C6E325 /* TMDB_TestProjectUITests */,
			);
		};
/* End PBXProject section */

/* Begin PBXResourcesBuildPhase section */
		1F888ACA2D19B1E100C6E325 /* Resources */ = {
			isa = PBXResourcesBuildPhase;
			buildActionMask = 2147483647;
			files = (
				1F888AD72D19B1E300C6E325 /* Preview Assets.xcassets in Resources */,
				1F888AD42D19B1E300C6E325 /* Assets.xcassets in Resources */,
			);
			runOnlyForDeploymentPostprocessing = 0;
		};
		1F888ADA2D19B1E300C6E325 /* Resources */ = {
			isa = PBXResourcesBuildPhase;
			buildActionMask = 2147483647;
			files = (
			);
			runOnlyForDeploymentPostprocessing = 0;
		};
		1F888AE42D19B1E300C6E325 /* Resources */ = {
			isa = PBXResourcesBuildPhase;
			buildActionMask = 2147483647;
			files = (
			);
			runOnlyForDeploymentPostprocessing = 0;
		};
/* End PBXResourcesBuildPhase section */

/* Begin PBXSourcesBuildPhase section */
		1F888AC82D19B1E100C6E325 /* Sources */ = {
			isa = PBXSourcesBuildPhase;
			buildActionMask = 2147483647;
			files = (
				1F888B0A2D19B3DC00C6E325 /* PeopleListView.swift in Sources */,
				1F888AFE2D19B23000C6E325 /* PeopleDetails.swift in Sources */,
				1F888AFD2D19B23000C6E325 /* PeopleData.swift in Sources */,
				1F888B142D19B66600C6E325 /* PeopleListViewModel.swift in Sources */,
				1F888B042D19B24700C6E325 /* PeopleImagesResponse.swift in Sources */,
				1F888B072D19B31600C6E325 /* NetworkManager.swift in Sources */,
				1F888B202D1A638D00C6E325 /* ExpandableText.swift in Sources */,
				1F888B112D19B50100C6E325 /* PeopleListCell.swift in Sources */,
				1F888B1E2D1A5E8F00C6E325 /* ShareSheet.swift in Sources */,
				1F888B182D19D5E500C6E325 /* PeopleDetailViewModel.swift in Sources */,
				1F888B392D1A94AA00C6E325 /* CustomImageView.swift in Sources */,
				1F888B232D1A668100C6E325 /* CustomHeaderView.swift in Sources */,
				1F888B352D1A862800C6E325 /* Color+Extension.swift in Sources */,
				1F888B162D19B8B500C6E325 /* APIConfig.swift in Sources */,
				1F888AFF2D19B23000C6E325 /* ProfileImage.swift in Sources */,
				1F888B0F2D19B46F00C6E325 /* SearchBar.swift in Sources */,
				1F888B3B2D1A995100C6E325 /* ImageDownLoader.swift in Sources */,
				1F888B1A2D19D5FA00C6E325 /* PeopleDetailsView.swift in Sources */,
				1F888B032D19B24700C6E325 /* PeopleListResponse.swift in Sources */,
				1F888AD02D19B1E100C6E325 /* TMDB_TestProjectApp.swift in Sources */,
				1F888B1C2D1A559E00C6E325 /* FullScreenImageView.swift in Sources */,
				1F888B262D1A755C00C6E325 /* SettingsView.swift in Sources */,
			);
			runOnlyForDeploymentPostprocessing = 0;
		};
		1F888AD82D19B1E300C6E325 /* Sources */ = {
			isa = PBXSourcesBuildPhase;
			buildActionMask = 2147483647;
			files = (
				1F888AE12D19B1E300C6E325 /* TMDB_TestProjectTests.swift in Sources */,
			);
			runOnlyForDeploymentPostprocessing = 0;
		};
		1F888AE22D19B1E300C6E325 /* Sources */ = {
			isa = PBXSourcesBuildPhase;
			buildActionMask = 2147483647;
			files = (
				1F888AEB2D19B1E300C6E325 /* TMDB_TestProjectUITests.swift in Sources */,
				1F888AED2D19B1E300C6E325 /* TMDB_TestProjectUITestsLaunchTests.swift in Sources */,
			);
			runOnlyForDeploymentPostprocessing = 0;
		};
/* End PBXSourcesBuildPhase section */

/* Begin PBXTargetDependency section */
		1F888ADE2D19B1E300C6E325 /* PBXTargetDependency */ = {
			isa = PBXTargetDependency;
			target = 1F888ACB2D19B1E100C6E325 /* TMDB_TestProject */;
			targetProxy = 1F888ADD2D19B1E300C6E325 /* PBXContainerItemProxy */;
		};
		1F888AE82D19B1E300C6E325 /* PBXTargetDependency */ = {
			isa = PBXTargetDependency;
			target = 1F888ACB2D19B1E100C6E325 /* TMDB_TestProject */;
			targetProxy = 1F888AE72D19B1E300C6E325 /* PBXContainerItemProxy */;
		};
/* End PBXTargetDependency section */

/* Begin XCBuildConfiguration section */
		1F888AEE2D19B1E300C6E325 /* Debug */ = {
			isa = XCBuildConfiguration;
			buildSettings = {
				ALWAYS_SEARCH_USER_PATHS = NO;
				ASSETCATALOG_COMPILER_GENERATE_SWIFT_ASSET_SYMBOL_EXTENSIONS = YES;
				CLANG_ANALYZER_NONNULL = YES;
				CLANG_ANALYZER_NUMBER_OBJECT_CONVERSION = YES_AGGRESSIVE;
				CLANG_CXX_LANGUAGE_STANDARD = "gnu++20";
				CLANG_ENABLE_MODULES = YES;
				CLANG_ENABLE_OBJC_ARC = YES;
				CLANG_ENABLE_OBJC_WEAK = YES;
				CLANG_WARN_BLOCK_CAPTURE_AUTORELEASING = YES;
				CLANG_WARN_BOOL_CONVERSION = YES;
				CLANG_WARN_COMMA = YES;
				CLANG_WARN_CONSTANT_CONVERSION = YES;
				CLANG_WARN_DEPRECATED_OBJC_IMPLEMENTATIONS = YES;
				CLANG_WARN_DIRECT_OBJC_ISA_USAGE = YES_ERROR;
				CLANG_WARN_DOCUMENTATION_COMMENTS = YES;
				CLANG_WARN_EMPTY_BODY = YES;
				CLANG_WARN_ENUM_CONVERSION = YES;
				CLANG_WARN_INFINITE_RECURSION = YES;
				CLANG_WARN_INT_CONVERSION = YES;
				CLANG_WARN_NON_LITERAL_NULL_CONVERSION = YES;
				CLANG_WARN_OBJC_IMPLICIT_RETAIN_SELF = YES;
				CLANG_WARN_OBJC_LITERAL_CONVERSION = YES;
				CLANG_WARN_OBJC_ROOT_CLASS = YES_ERROR;
				CLANG_WARN_QUOTED_INCLUDE_IN_FRAMEWORK_HEADER = YES;
				CLANG_WARN_RANGE_LOOP_ANALYSIS = YES;
				CLANG_WARN_STRICT_PROTOTYPES = YES;
				CLANG_WARN_SUSPICIOUS_MOVE = YES;
				CLANG_WARN_UNGUARDED_AVAILABILITY = YES_AGGRESSIVE;
				CLANG_WARN_UNREACHABLE_CODE = YES;
				CLANG_WARN__DUPLICATE_METHOD_MATCH = YES;
				COPY_PHASE_STRIP = NO;
				DEBUG_INFORMATION_FORMAT = dwarf;
				ENABLE_STRICT_OBJC_MSGSEND = YES;
				ENABLE_TESTABILITY = YES;
				ENABLE_USER_SCRIPT_SANDBOXING = YES;
				GCC_C_LANGUAGE_STANDARD = gnu17;
				GCC_DYNAMIC_NO_PIC = NO;
				GCC_NO_COMMON_BLOCKS = YES;
				GCC_OPTIMIZATION_LEVEL = 0;
				GCC_PREPROCESSOR_DEFINITIONS = (
					"DEBUG=1",
					"$(inherited)",
				);
				GCC_WARN_64_TO_32_BIT_CONVERSION = YES;
				GCC_WARN_ABOUT_RETURN_TYPE = YES_ERROR;
				GCC_WARN_UNDECLARED_SELECTOR = YES;
				GCC_WARN_UNINITIALIZED_AUTOS = YES_AGGRESSIVE;
				GCC_WARN_UNUSED_FUNCTION = YES;
				GCC_WARN_UNUSED_VARIABLE = YES;
				IPHONEOS_DEPLOYMENT_TARGET = 17.5;
				LOCALIZATION_PREFERS_STRING_CATALOGS = YES;
				MTL_ENABLE_DEBUG_INFO = INCLUDE_SOURCE;
				MTL_FAST_MATH = YES;
				ONLY_ACTIVE_ARCH = YES;
				SDKROOT = iphoneos;
				SWIFT_ACTIVE_COMPILATION_CONDITIONS = "DEBUG $(inherited)";
				SWIFT_OPTIMIZATION_LEVEL = "-Onone";
			};
			name = Debug;
		};
		1F888AEF2D19B1E300C6E325 /* Release */ = {
			isa = XCBuildConfiguration;
			buildSettings = {
				ALWAYS_SEARCH_USER_PATHS = NO;
				ASSETCATALOG_COMPILER_GENERATE_SWIFT_ASSET_SYMBOL_EXTENSIONS = YES;
				CLANG_ANALYZER_NONNULL = YES;
				CLANG_ANALYZER_NUMBER_OBJECT_CONVERSION = YES_AGGRESSIVE;
				CLANG_CXX_LANGUAGE_STANDARD = "gnu++20";
				CLANG_ENABLE_MODULES = YES;
				CLANG_ENABLE_OBJC_ARC = YES;
				CLANG_ENABLE_OBJC_WEAK = YES;
				CLANG_WARN_BLOCK_CAPTURE_AUTORELEASING = YES;
				CLANG_WARN_BOOL_CONVERSION = YES;
				CLANG_WARN_COMMA = YES;
				CLANG_WARN_CONSTANT_CONVERSION = YES;
				CLANG_WARN_DEPRECATED_OBJC_IMPLEMENTATIONS = YES;
				CLANG_WARN_DIRECT_OBJC_ISA_USAGE = YES_ERROR;
				CLANG_WARN_DOCUMENTATION_COMMENTS = YES;
				CLANG_WARN_EMPTY_BODY = YES;
				CLANG_WARN_ENUM_CONVERSION = YES;
				CLANG_WARN_INFINITE_RECURSION = YES;
				CLANG_WARN_INT_CONVERSION = YES;
				CLANG_WARN_NON_LITERAL_NULL_CONVERSION = YES;
				CLANG_WARN_OBJC_IMPLICIT_RETAIN_SELF = YES;
				CLANG_WARN_OBJC_LITERAL_CONVERSION = YES;
				CLANG_WARN_OBJC_ROOT_CLASS = YES_ERROR;
				CLANG_WARN_QUOTED_INCLUDE_IN_FRAMEWORK_HEADER = YES;
				CLANG_WARN_RANGE_LOOP_ANALYSIS = YES;
				CLANG_WARN_STRICT_PROTOTYPES = YES;
				CLANG_WARN_SUSPICIOUS_MOVE = YES;
				CLANG_WARN_UNGUARDED_AVAILABILITY = YES_AGGRESSIVE;
				CLANG_WARN_UNREACHABLE_CODE = YES;
				CLANG_WARN__DUPLICATE_METHOD_MATCH = YES;
				COPY_PHASE_STRIP = NO;
				DEBUG_INFORMATION_FORMAT = "dwarf-with-dsym";
				ENABLE_NS_ASSERTIONS = NO;
				ENABLE_STRICT_OBJC_MSGSEND = YES;
				ENABLE_USER_SCRIPT_SANDBOXING = YES;
				GCC_C_LANGUAGE_STANDARD = gnu17;
				GCC_NO_COMMON_BLOCKS = YES;
				GCC_WARN_64_TO_32_BIT_CONVERSION = YES;
				GCC_WARN_ABOUT_RETURN_TYPE = YES_ERROR;
				GCC_WARN_UNDECLARED_SELECTOR = YES;
				GCC_WARN_UNINITIALIZED_AUTOS = YES_AGGRESSIVE;
				GCC_WARN_UNUSED_FUNCTION = YES;
				GCC_WARN_UNUSED_VARIABLE = YES;
				IPHONEOS_DEPLOYMENT_TARGET = 17.5;
				LOCALIZATION_PREFERS_STRING_CATALOGS = YES;
				MTL_ENABLE_DEBUG_INFO = NO;
				MTL_FAST_MATH = YES;
				SDKROOT = iphoneos;
				SWIFT_COMPILATION_MODE = wholemodule;
				VALIDATE_PRODUCT = YES;
			};
			name = Release;
		};
		1F888AF12D19B1E300C6E325 /* Debug */ = {
			isa = XCBuildConfiguration;
			buildSettings = {
				ASSETCATALOG_COMPILER_APPICON_NAME = AppIcon;
				ASSETCATALOG_COMPILER_GLOBAL_ACCENT_COLOR_NAME = AccentColor;
				CODE_SIGN_STYLE = Automatic;
				CURRENT_PROJECT_VERSION = 1;
				DEVELOPMENT_ASSET_PATHS = "\"TMDB_TestProject/Preview Content\"";
				ENABLE_PREVIEWS = YES;
				GENERATE_INFOPLIST_FILE = YES;
				INFOPLIST_KEY_UIApplicationSceneManifest_Generation = YES;
				INFOPLIST_KEY_UIApplicationSupportsIndirectInputEvents = YES;
				INFOPLIST_KEY_UILaunchScreen_Generation = YES;
				INFOPLIST_KEY_UISupportedInterfaceOrientations_iPad = "UIInterfaceOrientationPortrait UIInterfaceOrientationPortraitUpsideDown UIInterfaceOrientationLandscapeLeft UIInterfaceOrientationLandscapeRight";
				INFOPLIST_KEY_UISupportedInterfaceOrientations_iPhone = "UIInterfaceOrientationPortrait UIInterfaceOrientationLandscapeLeft UIInterfaceOrientationLandscapeRight";
				IPHONEOS_DEPLOYMENT_TARGET = 14.0;
				LD_RUNPATH_SEARCH_PATHS = (
					"$(inherited)",
					"@executable_path/Frameworks",
				);
				MARKETING_VERSION = 1.0;
				PRODUCT_BUNDLE_IDENTIFIER = "com.testApp.TMDB-TestProject";
				PRODUCT_NAME = "$(TARGET_NAME)";
				SWIFT_EMIT_LOC_STRINGS = YES;
				SWIFT_VERSION = 5.0;
				TARGETED_DEVICE_FAMILY = "1,2";
			};
			name = Debug;
		};
		1F888AF22D19B1E300C6E325 /* Release */ = {
			isa = XCBuildConfiguration;
			buildSettings = {
				ASSETCATALOG_COMPILER_APPICON_NAME = AppIcon;
				ASSETCATALOG_COMPILER_GLOBAL_ACCENT_COLOR_NAME = AccentColor;
				CODE_SIGN_STYLE = Automatic;
				CURRENT_PROJECT_VERSION = 1;
				DEVELOPMENT_ASSET_PATHS = "\"TMDB_TestProject/Preview Content\"";
				ENABLE_PREVIEWS = YES;
				GENERATE_INFOPLIST_FILE = YES;
				INFOPLIST_KEY_UIApplicationSceneManifest_Generation = YES;
				INFOPLIST_KEY_UIApplicationSupportsIndirectInputEvents = YES;
				INFOPLIST_KEY_UILaunchScreen_Generation = YES;
				INFOPLIST_KEY_UISupportedInterfaceOrientations_iPad = "UIInterfaceOrientationPortrait UIInterfaceOrientationPortraitUpsideDown UIInterfaceOrientationLandscapeLeft UIInterfaceOrientationLandscapeRight";
				INFOPLIST_KEY_UISupportedInterfaceOrientations_iPhone = "UIInterfaceOrientationPortrait UIInterfaceOrientationLandscapeLeft UIInterfaceOrientationLandscapeRight";
				IPHONEOS_DEPLOYMENT_TARGET = 14.0;
				LD_RUNPATH_SEARCH_PATHS = (
					"$(inherited)",
					"@executable_path/Frameworks",
				);
				MARKETING_VERSION = 1.0;
				PRODUCT_BUNDLE_IDENTIFIER = "com.testApp.TMDB-TestProject";
				PRODUCT_NAME = "$(TARGET_NAME)";
				SWIFT_EMIT_LOC_STRINGS = YES;
				SWIFT_VERSION = 5.0;
				TARGETED_DEVICE_FAMILY = "1,2";
			};
			name = Release;
		};
		1F888AF42D19B1E300C6E325 /* Debug */ = {
			isa = XCBuildConfiguration;
			buildSettings = {
				ALWAYS_EMBED_SWIFT_STANDARD_LIBRARIES = YES;
				BUNDLE_LOADER = "$(TEST_HOST)";
				CODE_SIGN_STYLE = Automatic;
				CURRENT_PROJECT_VERSION = 1;
				GENERATE_INFOPLIST_FILE = YES;
				IPHONEOS_DEPLOYMENT_TARGET = 17.5;
				MARKETING_VERSION = 1.0;
				PRODUCT_BUNDLE_IDENTIFIER = "com.testApp.TMDB-TestProjectTests";
				PRODUCT_NAME = "$(TARGET_NAME)";
				SWIFT_EMIT_LOC_STRINGS = NO;
				SWIFT_VERSION = 5.0;
				TARGETED_DEVICE_FAMILY = "1,2";
				TEST_HOST = "$(BUILT_PRODUCTS_DIR)/TMDB_TestProject.app/$(BUNDLE_EXECUTABLE_FOLDER_PATH)/TMDB_TestProject";
			};
			name = Debug;
		};
		1F888AF52D19B1E300C6E325 /* Release */ = {
			isa = XCBuildConfiguration;
			buildSettings = {
				ALWAYS_EMBED_SWIFT_STANDARD_LIBRARIES = YES;
				BUNDLE_LOADER = "$(TEST_HOST)";
				CODE_SIGN_STYLE = Automatic;
				CURRENT_PROJECT_VERSION = 1;
				GENERATE_INFOPLIST_FILE = YES;
				IPHONEOS_DEPLOYMENT_TARGET = 17.5;
				MARKETING_VERSION = 1.0;
				PRODUCT_BUNDLE_IDENTIFIER = "com.testApp.TMDB-TestProjectTests";
				PRODUCT_NAME = "$(TARGET_NAME)";
				SWIFT_EMIT_LOC_STRINGS = NO;
				SWIFT_VERSION = 5.0;
				TARGETED_DEVICE_FAMILY = "1,2";
				TEST_HOST = "$(BUILT_PRODUCTS_DIR)/TMDB_TestProject.app/$(BUNDLE_EXECUTABLE_FOLDER_PATH)/TMDB_TestProject";
			};
			name = Release;
		};
		1F888AF72D19B1E300C6E325 /* Debug */ = {
			isa = XCBuildConfiguration;
			buildSettings = {
				ALWAYS_EMBED_SWIFT_STANDARD_LIBRARIES = YES;
				CODE_SIGN_STYLE = Automatic;
				CURRENT_PROJECT_VERSION = 1;
				GENERATE_INFOPLIST_FILE = YES;
				MARKETING_VERSION = 1.0;
				PRODUCT_BUNDLE_IDENTIFIER = "com.testApp.TMDB-TestProjectUITests";
				PRODUCT_NAME = "$(TARGET_NAME)";
				SWIFT_EMIT_LOC_STRINGS = NO;
				SWIFT_VERSION = 5.0;
				TARGETED_DEVICE_FAMILY = "1,2";
				TEST_TARGET_NAME = TMDB_TestProject;
			};
			name = Debug;
		};
		1F888AF82D19B1E300C6E325 /* Release */ = {
			isa = XCBuildConfiguration;
			buildSettings = {
				ALWAYS_EMBED_SWIFT_STANDARD_LIBRARIES = YES;
				CODE_SIGN_STYLE = Automatic;
				CURRENT_PROJECT_VERSION = 1;
				GENERATE_INFOPLIST_FILE = YES;
				MARKETING_VERSION = 1.0;
				PRODUCT_BUNDLE_IDENTIFIER = "com.testApp.TMDB-TestProjectUITests";
				PRODUCT_NAME = "$(TARGET_NAME)";
				SWIFT_EMIT_LOC_STRINGS = NO;
				SWIFT_VERSION = 5.0;
				TARGETED_DEVICE_FAMILY = "1,2";
				TEST_TARGET_NAME = TMDB_TestProject;
			};
			name = Release;
		};
/* End XCBuildConfiguration section */

/* Begin XCConfigurationList section */
		1F888AC72D19B1E100C6E325 /* Build configuration list for PBXProject "TMDB_TestProject" */ = {
			isa = XCConfigurationList;
			buildConfigurations = (
				1F888AEE2D19B1E300C6E325 /* Debug */,
				1F888AEF2D19B1E300C6E325 /* Release */,
			);
			defaultConfigurationIsVisible = 0;
			defaultConfigurationName = Release;
		};
		1F888AF02D19B1E300C6E325 /* Build configuration list for PBXNativeTarget "TMDB_TestProject" */ = {
			isa = XCConfigurationList;
			buildConfigurations = (
				1F888AF12D19B1E300C6E325 /* Debug */,
				1F888AF22D19B1E300C6E325 /* Release */,
			);
			defaultConfigurationIsVisible = 0;
			defaultConfigurationName = Release;
		};
		1F888AF32D19B1E300C6E325 /* Build configuration list for PBXNativeTarget "TMDB_TestProjectTests" */ = {
			isa = XCConfigurationList;
			buildConfigurations = (
				1F888AF42D19B1E300C6E325 /* Debug */,
				1F888AF52D19B1E300C6E325 /* Release */,
			);
			defaultConfigurationIsVisible = 0;
			defaultConfigurationName = Release;
		};
		1F888AF62D19B1E300C6E325 /* Build configuration list for PBXNativeTarget "TMDB_TestProjectUITests" */ = {
			isa = XCConfigurationList;
			buildConfigurations = (
				1F888AF72D19B1E300C6E325 /* Debug */,
				1F888AF82D19B1E300C6E325 /* Release */,
			);
			defaultConfigurationIsVisible = 0;
			defaultConfigurationName = Release;
		};
/* End XCConfigurationList section */
	};
	rootObject = 1F888AC42D19B1E100C6E325 /* Project object */;
}
